
Microsoft Visual Studio Solution File, Format Version 12.00
# Visual Studio 15
VisualStudioVersion = 15.0.33026.149
MinimumVisualStudioVersion = 10.0.40219.1
Project("{FAE04EC0-301F-11D3-BF4B-00C04F79EFBC}") = "WeddingApplication", "WeddingApplication\WeddingApplication.csproj", "{34827BD0-7493-4ACB-8926-DD2C8F06D851}"
EndProject
Global
	GlobalSection(SolutionConfigurationPlatforms) = preSolution
		Debug|Any CPU = Debug|Any CPU
		Release|Any CPU = Release|Any CPU
	EndGlobalSection
	GlobalSection(ProjectConfigurationPlatforms) = postSolution
		{34827BD0-7493-4ACB-8926-DD2C8F06D851}.Debug|Any CPU.ActiveCfg = Debug|Any CPU
		{34827BD0-7493-4ACB-8926-DD2C8F06D851}.Debug|Any CPU.Build.0 = Debug|Any CPU
		{34827BD0-7493-4ACB-8926-DD2C8F06D851}.Release|Any CPU.ActiveCfg = Release|Any CPU
		{34827BD0-7493-4ACB-8926-DD2C8F06D851}.Release|Any CPU.Build.0 = Release|Any CPU
	EndGlobalSection
	GlobalSection(SolutionProperties) = preSolution
		HideSolutionNode = FALSE
	EndGlobalSection
	GlobalSection(ExtensibilityGlobals) = postSolution
		SolutionGuid = {6A9BC409-9EFF-4620-9FF0-F8A62E28381A}
	EndGlobalSection
EndGlobal
